{
  "name": "CashReceiptModule",
  "lockfileVersion": 3,
  "requires": true,
  "packages": {
    "": {
      "dependencies": {
        "datatables.net": "^2.0.8",
        "datatables.net-dt": "^2.0.8",
        "datatables.net-responsive": "^3.0.2",
        "datatables.net-responsive-dt": "^3.0.2",
        "jquery": "^3.7.1"
      }
    },
    "node_modules/datatables.net": {
      "version": "2.0.8",
      "resolved": "https://registry.npmjs.org/datatables.net/-/datatables.net-2.0.8.tgz",
      "integrity": "sha512-4/2dYx4vl975zQqZbyoVEm0huPe61qffjBRby7K7V+y9E+ORq4R8KavkgrNMmIgO6cl85Pg4AvCbVjvPCIT1Yg==",
      "license": "MIT",
      "dependencies": {
        "jquery": ">=1.7"
      }
    },
    "node_modules/datatables.net-dt": {
      "version": "2.0.8",
      "resolved": "https://registry.npmjs.org/datatables.net-dt/-/datatables.net-dt-2.0.8.tgz",
      "integrity": "sha512-9SG5MWJXq2IQSJWuH+2DvK/9AXduZr0wI/lQbrtBBd18Ck5sO8z3EXxy5wYxxjTFZ9Z+wl0lHsO//qR8QYmWIA==",
      "license": "MIT",
      "dependencies": {
        "datatables.net": "2.0.8",
        "jquery": ">=1.7"
      }
    },
    "node_modules/datatables.net-responsive": {
      "version": "3.0.2",
      "resolved": "https://registry.npmjs.org/datatables.net-responsive/-/datatables.net-responsive-3.0.2.tgz",
      "integrity": "sha512-OVsrTfcYvT8YtnOeCef51veKc+DABVPWOypvID+xFzCgyBDCIgcauTk+H5zItOscXw/CwSIbGN9zD6Sxa7lZPA==",
      "license": "MIT",
      "dependencies": {
        "datatables.net": "^2",
        "jquery": ">=1.7"
      }
    },
    "node_modules/datatables.net-responsive-dt": {
      "version": "3.0.2",
      "resolved": "https://registry.npmjs.org/datatables.net-responsive-dt/-/datatables.net-responsive-dt-3.0.2.tgz",
      "integrity": "sha512-wxqs/rCVDlIwKXrSy8AG0E5pPvlJBy37xLUt1rc+59qFNY7hDrhSEZXuDgQZmQl2IVRG7ED853dc6OBl3bjwZg==",
      "license": "MIT",
      "dependencies": {
        "datatables.net-dt": "^2",
        "datatables.net-responsive": "3.0.2",
        "jquery": ">=1.7"
      }
    },
    "node_modules/jquery": {
      "version": "3.7.1",
      "resolved": "https://registry.npmjs.org/jquery/-/jquery-3.7.1.tgz",
      "integrity": "sha512-m4avr8yL8kmFN8psrbFFFmB/If14iN5o9nw/NgnnM+kybDJpRsAynV2BsfpTYrTRysYUdADVD7CkUUizgkpLfg==",
      "license": "MIT"
    }
  }
}
